
Microsoft Visual Studio Solution File, Format Version 12.00
# Visual Studio Version 17
VisualStudioVersion = 17.0.32112.339
MinimumVisualStudioVersion = 10.0.40219.1
Project("{FAE04EC0-301F-11D3-BF4B-00C04F79EFBC}") = "Marvelous.Contracts", "MarvelousContracts\Marvelous.Contracts.csproj", "{3FD26484-DD21-4394-B4CE-2717FCF703A4}"
EndProject
Global
	GlobalSection(SolutionConfigurationPlatforms) = preSolution
		Debug|Any CPU = Debug|Any CPU
		Release|Any CPU = Release|Any CPU
	EndGlobalSection
	GlobalSection(ProjectConfigurationPlatforms) = postSolution
		{3FD26484-DD21-4394-B4CE-2717FCF703A4}.Debug|Any CPU.ActiveCfg = Debug|Any CPU
		{3FD26484-DD21-4394-B4CE-2717FCF703A4}.Debug|Any CPU.Build.0 = Debug|Any CPU
		{3FD26484-DD21-4394-B4CE-2717FCF703A4}.Release|Any CPU.ActiveCfg = Release|Any CPU
		{3FD26484-DD21-4394-B4CE-2717FCF703A4}.Release|Any CPU.Build.0 = Release|Any CPU
	EndGlobalSection
	GlobalSection(SolutionProperties) = preSolution
		HideSolutionNode = FALSE
	EndGlobalSection
	GlobalSection(ExtensibilityGlobals) = postSolution
		SolutionGuid = {774B6D3B-EA35-417A-A379-C1F00C9EF3E3}
	EndGlobalSection
EndGlobal
